<?xml version="1.0" encoding="utf-8"?>
<Project ToolsVersion="4.0" xmlns="http://schemas.microsoft.com/developer/msbuild/2003">
  <ItemGroup>
    <Filter Include="Source Files">
      <UniqueIdentifier>{4FC737F1-C7A5-4376-A066-2A32D752A2FF}</UniqueIdentifier>
      <Extensions>cpp;c;cc;cxx;def;odl;idl;hpj;bat;asm;asmx</Extensions>
    </Filter>
    <Filter Include="Header Files">
      <UniqueIdentifier>{93995380-89BD-4b04-88EB-625FBE52EBFB}</UniqueIdentifier>
      <Extensions>h;hh;hpp;hxx;hm;inl;inc;xsd</Extensions>
    </Filter>
    <Filter Include="Resource Files">
      <UniqueIdentifier>{67DA6AB6-F800-4c08-8B7A-83BB121AAD01}</UniqueIdentifier>
      <Extensions>rc;ico;cur;bmp;dlg;rc2;rct;bin;rgs;gif;jpg;jpeg;jpe;resx;tiff;tif;png;wav;mfcribbon-ms</Extensions>
    </Filter>
    <Filter Include="Source Files\graphics">
      <UniqueIdentifier>{e632d614-e9c8-4d33-ba77-091bb6ec56cd}</UniqueIdentifier>
    </Filter>
    <Filter Include="Header Files\graphics">
      <UniqueIdentifier>{01479e0e-2443-409f-8b4a-c6d46f351658}</UniqueIdentifier>
    </Filter>
    <Filter Include="Header Files\world">
      <UniqueIdentifier>{d5fdb6df-de85-48d4-b0df-b2fc7d5e0054}</UniqueIdentifier>
    </Filter>
    <Filter Include="Source Files\world">
      <UniqueIdentifier>{0d952d1c-f578-4e69-ad14-57eb4c710140}</UniqueIdentifier>
    </Filter>
    <Filter Include="Header Files\objects">
      <UniqueIdentifier>{d72a6238-0022-4b2f-9493-8ce14e3d7b25}</UniqueIdentifier>
    </Filter>
    <Filter Include="Source Files\objects">
      <UniqueIdentifier>{b3f309a3-53f4-4998-9e10-2760b2e9a780}</UniqueIdentifier>
    </Filter>
  </ItemGroup>
  <ItemGroup>
    <ClCompile Include="src\Driver.cpp">
      <Filter>Source Files</Filter>
    </ClCompile>
    <ClCompile Include="src\stdafx.cpp">
      <Filter>Source Files</Filter>
    </ClCompile>
    <ClCompile Include="src\graphics\AnimatedSprite.cpp">
      <Filter>Source Files\graphics</Filter>
    </ClCompile>
    <ClCompile Include="src\graphics\Animation.cpp">
      <Filter>Source Files\graphics</Filter>
    </ClCompile>
    <ClCompile Include="src\graphics\CharacterSprite.cpp">
      <Filter>Source Files\graphics</Filter>
    </ClCompile>
    <ClCompile Include="src\world\PltWindow.cpp">
      <Filter>Source Files\world</Filter>
    </ClCompile>
    <ClCompile Include="src\world\World.cpp">
      <Filter>Source Files\world</Filter>
    </ClCompile>
    <ClCompile Include="src\objects\Platform.cpp">
      <Filter>Source Files\objects</Filter>
    </ClCompile>
  </ItemGroup>
  <ItemGroup>
    <ClInclude Include="include\stdafx.h">
      <Filter>Header Files</Filter>
    </ClInclude>
    <ClInclude Include="include\targetver.h">
      <Filter>Header Files</Filter>
    </ClInclude>
    <ClInclude Include="include\plt\graphics\AnimatedSprite.h">
      <Filter>Header Files\graphics</Filter>
    </ClInclude>
    <ClInclude Include="include\plt\graphics\Animation.h">
      <Filter>Header Files\graphics</Filter>
    </ClInclude>
    <ClInclude Include="include\plt\graphics\CharacterSprite.h">
      <Filter>Header Files\graphics</Filter>
    </ClInclude>
    <ClInclude Include="include\plt\world\World.h">
      <Filter>Header Files\world</Filter>
    </ClInclude>
    <ClInclude Include="include\plt\world\PltWindow.h">
      <Filter>Header Files\world</Filter>
    </ClInclude>
    <ClInclude Include="include\plt\objects\Character.h">
      <Filter>Header Files\objects</Filter>
    </ClInclude>
    <ClInclude Include="include\plt\objects\Platform.h">
      <Filter>Header Files\objects</Filter>
    </ClInclude>
  </ItemGroup>
</Project>